
Microsoft Visual Studio Solution File, Format Version 12.00
# Visual Studio 15
VisualStudioVersion = 15.0.27703.2018
MinimumVisualStudioVersion = 10.0.40219.1
Project("{FAE04EC0-301F-11D3-BF4B-00C04F79EFBC}") = "runmu.UI", "runmu\runmu.UI.csproj", "{3D15FE95-2711-4265-9F5B-95F251B24A9E}"
EndProject
Project("{FAE04EC0-301F-11D3-BF4B-00C04F79EFBC}") = "runmu.Business", "runmu.Business\runmu.Business.csproj", "{A58B0766-1277-4531-8EDE-3EF165A9544A}"
EndProject
Global
	GlobalSection(SolutionConfigurationPlatforms) = preSolution
		Debug|Any CPU = Debug|Any CPU
		Debug|x64 = Debug|x64
		Release|Any CPU = Release|Any CPU
		Release|x64 = Release|x64
	EndGlobalSection
	GlobalSection(ProjectConfigurationPlatforms) = postSolution
		{3D15FE95-2711-4265-9F5B-95F251B24A9E}.Debug|Any CPU.ActiveCfg = Debug|Any CPU
		{3D15FE95-2711-4265-9F5B-95F251B24A9E}.Debug|Any CPU.Build.0 = Debug|Any CPU
		{3D15FE95-2711-4265-9F5B-95F251B24A9E}.Debug|x64.ActiveCfg = Debug|x64
		{3D15FE95-2711-4265-9F5B-95F251B24A9E}.Debug|x64.Build.0 = Debug|x64
		{3D15FE95-2711-4265-9F5B-95F251B24A9E}.Release|Any CPU.ActiveCfg = Release|Any CPU
		{3D15FE95-2711-4265-9F5B-95F251B24A9E}.Release|Any CPU.Build.0 = Release|Any CPU
		{3D15FE95-2711-4265-9F5B-95F251B24A9E}.Release|x64.ActiveCfg = Release|x64
		{3D15FE95-2711-4265-9F5B-95F251B24A9E}.Release|x64.Build.0 = Release|x64
		{A58B0766-1277-4531-8EDE-3EF165A9544A}.Debug|Any CPU.ActiveCfg = Debug|Any CPU
		{A58B0766-1277-4531-8EDE-3EF165A9544A}.Debug|Any CPU.Build.0 = Debug|Any CPU
		{A58B0766-1277-4531-8EDE-3EF165A9544A}.Debug|x64.ActiveCfg = Debug|x64
		{A58B0766-1277-4531-8EDE-3EF165A9544A}.Debug|x64.Build.0 = Debug|x64
		{A58B0766-1277-4531-8EDE-3EF165A9544A}.Release|Any CPU.ActiveCfg = Release|Any CPU
		{A58B0766-1277-4531-8EDE-3EF165A9544A}.Release|Any CPU.Build.0 = Release|Any CPU
		{A58B0766-1277-4531-8EDE-3EF165A9544A}.Release|x64.ActiveCfg = Release|x64
		{A58B0766-1277-4531-8EDE-3EF165A9544A}.Release|x64.Build.0 = Release|x64
	EndGlobalSection
	GlobalSection(SolutionProperties) = preSolution
		HideSolutionNode = FALSE
	EndGlobalSection
	GlobalSection(ExtensibilityGlobals) = postSolution
		SolutionGuid = {702E33A6-F2FD-4A3A-859A-C49EA537790D}
	EndGlobalSection
EndGlobal
